
Microsoft Visual Studio Solution File, Format Version 12.00
# Visual Studio 14
VisualStudioVersion = 14.0.25420.1
MinimumVisualStudioVersion = 10.0.40219.1
Project("{FAE04EC0-301F-11D3-BF4B-00C04F79EFBC}") = "SpellforceCharacterEditor", "SpellforceCharacterEditor\SpellforceCharacterEditor.csproj", "{09DCD2D2-EAEE-49FE-AF1C-9AA899824026}"
EndProject
Project("{FAE04EC0-301F-11D3-BF4B-00C04F79EFBC}") = "SCE_Updater", "SCE_Updater\SCE_Updater.csproj", "{C25020D8-E8FB-480A-9CA5-769FEB752180}"
EndProject
Global
	GlobalSection(SolutionConfigurationPlatforms) = preSolution
		Debug|Any CPU = Debug|Any CPU
		Release|Any CPU = Release|Any CPU
	EndGlobalSection
	GlobalSection(ProjectConfigurationPlatforms) = postSolution
		{09DCD2D2-EAEE-49FE-AF1C-9AA899824026}.Debug|Any CPU.ActiveCfg = Debug|Any CPU
		{09DCD2D2-EAEE-49FE-AF1C-9AA899824026}.Debug|Any CPU.Build.0 = Debug|Any CPU
		{09DCD2D2-EAEE-49FE-AF1C-9AA899824026}.Release|Any CPU.ActiveCfg = Release|Any CPU
		{09DCD2D2-EAEE-49FE-AF1C-9AA899824026}.Release|Any CPU.Build.0 = Release|Any CPU
		{C25020D8-E8FB-480A-9CA5-769FEB752180}.Debug|Any CPU.ActiveCfg = Debug|Any CPU
		{C25020D8-E8FB-480A-9CA5-769FEB752180}.Debug|Any CPU.Build.0 = Debug|Any CPU
		{C25020D8-E8FB-480A-9CA5-769FEB752180}.Release|Any CPU.ActiveCfg = Release|Any CPU
		{C25020D8-E8FB-480A-9CA5-769FEB752180}.Release|Any CPU.Build.0 = Release|Any CPU
	EndGlobalSection
	GlobalSection(SolutionProperties) = preSolution
		HideSolutionNode = FALSE
	EndGlobalSection
EndGlobal
